
Microsoft Visual Studio Solution File, Format Version 12.00
# Visual Studio Version 16
VisualStudioVersion = 16.0.30517.126
MinimumVisualStudioVersion = 10.0.40219.1
Project("{FAE04EC0-301F-11D3-BF4B-00C04F79EFBC}") = "DataAccessLayer", "DataAccessLayer\DataAccessLayer.csproj", "{4D509789-0973-43A5-A5F5-C173ABC356F7}"
EndProject
Project("{FAE04EC0-301F-11D3-BF4B-00C04F79EFBC}") = "IntegrationTests", "IntegrationTests\IntegrationTests.csproj", "{8F4215DD-F6D8-44BA-ADC6-2F9F5163FC74}"
EndProject
Project("{FAE04EC0-301F-11D3-BF4B-00C04F79EFBC}") = "ModelLayer", "ModelLayer\ModelLayer.csproj", "{DA6C1161-42E8-43FF-83B5-4277AA74B957}"
EndProject
Global
	GlobalSection(SolutionConfigurationPlatforms) = preSolution
		Debug|Any CPU = Debug|Any CPU
		Release|Any CPU = Release|Any CPU
	EndGlobalSection
	GlobalSection(ProjectConfigurationPlatforms) = postSolution
		{4D509789-0973-43A5-A5F5-C173ABC356F7}.Debug|Any CPU.ActiveCfg = Debug|Any CPU
		{4D509789-0973-43A5-A5F5-C173ABC356F7}.Debug|Any CPU.Build.0 = Debug|Any CPU
		{4D509789-0973-43A5-A5F5-C173ABC356F7}.Release|Any CPU.ActiveCfg = Release|Any CPU
		{4D509789-0973-43A5-A5F5-C173ABC356F7}.Release|Any CPU.Build.0 = Release|Any CPU
		{8F4215DD-F6D8-44BA-ADC6-2F9F5163FC74}.Debug|Any CPU.ActiveCfg = Debug|Any CPU
		{8F4215DD-F6D8-44BA-ADC6-2F9F5163FC74}.Debug|Any CPU.Build.0 = Debug|Any CPU
		{8F4215DD-F6D8-44BA-ADC6-2F9F5163FC74}.Release|Any CPU.ActiveCfg = Release|Any CPU
		{8F4215DD-F6D8-44BA-ADC6-2F9F5163FC74}.Release|Any CPU.Build.0 = Release|Any CPU
		{DA6C1161-42E8-43FF-83B5-4277AA74B957}.Debug|Any CPU.ActiveCfg = Debug|Any CPU
		{DA6C1161-42E8-43FF-83B5-4277AA74B957}.Debug|Any CPU.Build.0 = Debug|Any CPU
		{DA6C1161-42E8-43FF-83B5-4277AA74B957}.Release|Any CPU.ActiveCfg = Release|Any CPU
		{DA6C1161-42E8-43FF-83B5-4277AA74B957}.Release|Any CPU.Build.0 = Release|Any CPU
	EndGlobalSection
	GlobalSection(SolutionProperties) = preSolution
		HideSolutionNode = FALSE
	EndGlobalSection
	GlobalSection(ExtensibilityGlobals) = postSolution
		SolutionGuid = {22A5FF73-BEF1-4E1E-B9B4-C5B160B5A1D9}
	EndGlobalSection
EndGlobal
